{
  "name": "marketplace",
  "version": "1.0.0",
  "lockfileVersion": 1,
  "requires": true,
  "dependencies": {
    "@kgadzinowski/vanilla-toast": {
      "version": "1.1.0",
      "resolved": "https://registry.npmjs.org/@kgadzinowski/vanilla-toast/-/vanilla-toast-1.1.0.tgz",
      "integrity": "sha512-08eOIslxxeVRKCKfru2hHkSePREM9Pg60BgfDXK4EiyQ1sz6hqhAhroGbGLMiVLsOpFsqXEDzwBGgaBCVVZZ8A=="
    },
    "bootstrap": {
      "version": "3.4.1",
      "resolved": "https://registry.npmjs.org/bootstrap/-/bootstrap-3.4.1.tgz",
      "integrity": "sha512-yN5oZVmRCwe5aKwzRj6736nSmKDX7pLYwsXiCj/EYmo16hODaBiT4En5btW/jhBF/seV+XMx3aYwukYC3A49DA=="
    },
    "bootstrap-sass": {
      "version": "3.4.1",
      "resolved": "https://registry.npmjs.org/bootstrap-sass/-/bootstrap-sass-3.4.1.tgz",
      "integrity": "sha512-p5rxsK/IyEDQm2CwiHxxUi0MZZtvVFbhWmyMOt4lLkA4bujDA1TGoKT0i1FKIWiugAdP+kK8T5KMDFIKQCLYIA=="
    },
    "bootstrap-show-password": {
      "version": "1.2.1",
      "resolved": "https://registry.npmjs.org/bootstrap-show-password/-/bootstrap-show-password-1.2.1.tgz",
      "integrity": "sha512-AAKUC1MrXowakbP9nJBUTzUmG5XrG4/fc4abhXrBGxkutp9aK6/XlyqiuFJ04gDFhslDt/nncWNQ+pxGZYdRNQ=="
    },
    "eonasdan-bootstrap-datetimepicker": {
      "version": "4.17.47",
      "resolved": "https://registry.npmjs.org/eonasdan-bootstrap-datetimepicker/-/eonasdan-bootstrap-datetimepicker-4.17.47.tgz",
      "integrity": "sha1-ekmXAEQGUnbnll79Fvgic1IZ5zU=",
      "requires": {
        "bootstrap": "3.4.1",
        "jquery": "3.4.1",
        "moment": "2.24.0",
        "moment-timezone": "0.4.1"
      },
      "dependencies": {
        "moment-timezone": {
          "version": "0.4.1",
          "resolved": "https://registry.npmjs.org/moment-timezone/-/moment-timezone-0.4.1.tgz",
          "integrity": "sha1-gfWYw61eIs2teWtn7NjYjQ9bqgY=",
          "requires": {
            "moment": "2.24.0"
          }
        }
      }
    },
    "font-awesome": {
      "version": "4.7.0",
      "resolved": "https://registry.npmjs.org/font-awesome/-/font-awesome-4.7.0.tgz",
      "integrity": "sha1-j6jPBBGhoxr9B7BtKQK7n8gVoTM="
    },
    "jquery": {
      "version": "3.4.1",
      "resolved": "https://registry.npmjs.org/jquery/-/jquery-3.4.1.tgz",
      "integrity": "sha512-36+AdBzCL+y6qjw5Tx7HgzeGCzC81MDDgaUP8ld2zhx58HdqXGoBd+tHdrBMiyjGQs0Hxs/MLZTu/eHNJJuWPw=="
    },
    "jquery-pjax": {
      "version": "2.0.1",
      "resolved": "https://registry.npmjs.org/jquery-pjax/-/jquery-pjax-2.0.1.tgz",
      "integrity": "sha1-azoboW5kTmJL3P5y62s9lqhG9fI="
    },
    "moment": {
      "version": "2.24.0",
      "resolved": "https://registry.npmjs.org/moment/-/moment-2.24.0.tgz",
      "integrity": "sha512-bV7f+6l2QigeBBZSM/6yTNq4P2fNpSWj/0e7jQcy87A8e7o2nAfP/34/2ky5Vw4B9S446EtIhodAzkFCcR4dQg=="
    },
    "moment-timezone": {
      "version": "0.5.35",
      "resolved": "https://registry.npmjs.org/moment-timezone/-/moment-timezone-0.5.35.tgz",
      "integrity": "sha512-cY/pBOEXepQvlgli06ttCTKcIf8cD1nmNwOKQQAdHBqYApQSpAqotBMX0RJZNgMp6i0PlZuf1mFtnlyEkwyvFw==",
      "requires": {
        "moment": ">= 2.9.0"
      }
    },
    "nprogress": {
      "version": "0.2.0",
      "resolved": "https://registry.npmjs.org/nprogress/-/nprogress-0.2.0.tgz",
      "integrity": "sha1-y480xTIT2JVyP8urkH6UIq28r7E="
    },
    "parsleyjs": {
      "version": "2.9.1",
      "resolved": "https://registry.npmjs.org/parsleyjs/-/parsleyjs-2.9.1.tgz",
      "integrity": "sha512-2WSe+HsOZEPqXh9bFdi/vgWNQtGRRnAgS3v12qesMAabxVdLE7Oj7b+2UzcZ80eG23g1SxiMUH978Dk/wSkt+w==",
      "requires": {
        "jquery": "3.4.1"
      }
    }
  }
}
